
Microsoft Visual Studio Solution File, Format Version 12.00
# Visual Studio Version 16
VisualStudioVersion = 16.0.31019.35
MinimumVisualStudioVersion = 10.0.40219.1
Project("{9A19103F-16F7-4668-BE54-9A1E7A4F7556}") = "myClassCrawler", "myClassCrawler\myClassCrawler.csproj", "{FE5F1DE2-FF98-4867-9200-461F71312D75}"
EndProject
Project("{9A19103F-16F7-4668-BE54-9A1E7A4F7556}") = "ClassCrawler.Data", "ClassCrawler.Data\ClassCrawler.Data.csproj", "{50CCDB4D-F48B-4914-B433-43819D7A99A6}"
EndProject
Project("{9A19103F-16F7-4668-BE54-9A1E7A4F7556}") = "ClassCrawler.Request", "ClassCrawler.Request\ClassCrawler.Request.csproj", "{869514C7-418B-425B-8C79-646BA2F82DC1}"
EndProject
Project("{FAE04EC0-301F-11D3-BF4B-00C04F79EFBC}") = "ClassCrawler.Downloader", "ClassCrawler.Downloader\ClassCrawler.Downloader.csproj", "{7B6EEB98-790C-4873-BC59-D58031F04E8B}"
EndProject
Global
	GlobalSection(SolutionConfigurationPlatforms) = preSolution
		Debug|Any CPU = Debug|Any CPU
		Release|Any CPU = Release|Any CPU
	EndGlobalSection
	GlobalSection(ProjectConfigurationPlatforms) = postSolution
		{FE5F1DE2-FF98-4867-9200-461F71312D75}.Debug|Any CPU.ActiveCfg = Debug|Any CPU
		{FE5F1DE2-FF98-4867-9200-461F71312D75}.Debug|Any CPU.Build.0 = Debug|Any CPU
		{FE5F1DE2-FF98-4867-9200-461F71312D75}.Release|Any CPU.ActiveCfg = Release|Any CPU
		{FE5F1DE2-FF98-4867-9200-461F71312D75}.Release|Any CPU.Build.0 = Release|Any CPU
		{50CCDB4D-F48B-4914-B433-43819D7A99A6}.Debug|Any CPU.ActiveCfg = Debug|Any CPU
		{50CCDB4D-F48B-4914-B433-43819D7A99A6}.Debug|Any CPU.Build.0 = Debug|Any CPU
		{50CCDB4D-F48B-4914-B433-43819D7A99A6}.Release|Any CPU.ActiveCfg = Release|Any CPU
		{50CCDB4D-F48B-4914-B433-43819D7A99A6}.Release|Any CPU.Build.0 = Release|Any CPU
		{869514C7-418B-425B-8C79-646BA2F82DC1}.Debug|Any CPU.ActiveCfg = Debug|Any CPU
		{869514C7-418B-425B-8C79-646BA2F82DC1}.Debug|Any CPU.Build.0 = Debug|Any CPU
		{869514C7-418B-425B-8C79-646BA2F82DC1}.Release|Any CPU.ActiveCfg = Release|Any CPU
		{869514C7-418B-425B-8C79-646BA2F82DC1}.Release|Any CPU.Build.0 = Release|Any CPU
		{7B6EEB98-790C-4873-BC59-D58031F04E8B}.Debug|Any CPU.ActiveCfg = Debug|Any CPU
		{7B6EEB98-790C-4873-BC59-D58031F04E8B}.Debug|Any CPU.Build.0 = Debug|Any CPU
		{7B6EEB98-790C-4873-BC59-D58031F04E8B}.Release|Any CPU.ActiveCfg = Release|Any CPU
		{7B6EEB98-790C-4873-BC59-D58031F04E8B}.Release|Any CPU.Build.0 = Release|Any CPU
	EndGlobalSection
	GlobalSection(SolutionProperties) = preSolution
		HideSolutionNode = FALSE
	EndGlobalSection
	GlobalSection(ExtensibilityGlobals) = postSolution
		SolutionGuid = {BA04C598-E897-4521-A920-93114914671F}
	EndGlobalSection
EndGlobal
